
Microsoft Visual Studio Solution File, Format Version 12.00
# Visual Studio 2012
Project("{FAE04EC0-301F-11D3-BF4B-00C04F79EFBC}") = "quizmakerinfor", "quizmakerinfor\quizmakerinfor.csproj", "{3E565546-9742-4213-AE24-D583E8C86BF5}"
EndProject
Project("{FAE04EC0-301F-11D3-BF4B-00C04F79EFBC}") = "UnitTestProject1", "UnitTestProject1\UnitTestProject1.csproj", "{493ADCCD-A482-4CCA-BB72-C06B2B66D82A}"
EndProject
Global
	GlobalSection(SubversionScc) = preSolution
		Svn-Managed = True
		Manager = AnkhSVN - Subversion Support for Visual Studio
	EndGlobalSection
	GlobalSection(SolutionConfigurationPlatforms) = preSolution
		Debug|Any CPU = Debug|Any CPU
		Release|Any CPU = Release|Any CPU
	EndGlobalSection
	GlobalSection(ProjectConfigurationPlatforms) = postSolution
		{3E565546-9742-4213-AE24-D583E8C86BF5}.Debug|Any CPU.ActiveCfg = Debug|Any CPU
		{3E565546-9742-4213-AE24-D583E8C86BF5}.Debug|Any CPU.Build.0 = Debug|Any CPU
		{3E565546-9742-4213-AE24-D583E8C86BF5}.Release|Any CPU.ActiveCfg = Release|Any CPU
		{3E565546-9742-4213-AE24-D583E8C86BF5}.Release|Any CPU.Build.0 = Release|Any CPU
		{493ADCCD-A482-4CCA-BB72-C06B2B66D82A}.Debug|Any CPU.ActiveCfg = Debug|Any CPU
		{493ADCCD-A482-4CCA-BB72-C06B2B66D82A}.Debug|Any CPU.Build.0 = Debug|Any CPU
		{493ADCCD-A482-4CCA-BB72-C06B2B66D82A}.Release|Any CPU.ActiveCfg = Release|Any CPU
		{493ADCCD-A482-4CCA-BB72-C06B2B66D82A}.Release|Any CPU.Build.0 = Release|Any CPU
	EndGlobalSection
	GlobalSection(SolutionProperties) = preSolution
		HideSolutionNode = FALSE
	EndGlobalSection
EndGlobal
